
Microsoft Visual Studio Solution File, Format Version 12.00
# Visual Studio Version 16
VisualStudioVersion = 16.0.31112.23
MinimumVisualStudioVersion = 10.0.40219.1
Project("{FAE04EC0-301F-11D3-BF4B-00C04F79EFBC}") = "Howler_API", "Howler_API\Howler_API.csproj", "{D330CFF4-891B-4016-B241-9F1820704401}"
EndProject
Global
	GlobalSection(SolutionConfigurationPlatforms) = preSolution
		Debug|Any CPU = Debug|Any CPU
		Release|Any CPU = Release|Any CPU
	EndGlobalSection
	GlobalSection(ProjectConfigurationPlatforms) = postSolution
		{D330CFF4-891B-4016-B241-9F1820704401}.Debug|Any CPU.ActiveCfg = Debug|Any CPU
		{D330CFF4-891B-4016-B241-9F1820704401}.Debug|Any CPU.Build.0 = Debug|Any CPU
		{D330CFF4-891B-4016-B241-9F1820704401}.Release|Any CPU.ActiveCfg = Release|Any CPU
		{D330CFF4-891B-4016-B241-9F1820704401}.Release|Any CPU.Build.0 = Release|Any CPU
	EndGlobalSection
	GlobalSection(SolutionProperties) = preSolution
		HideSolutionNode = FALSE
	EndGlobalSection
	GlobalSection(ExtensibilityGlobals) = postSolution
		SolutionGuid = {838DACDC-5624-430A-BDE8-D7A14C8D0EEF}
	EndGlobalSection
EndGlobal
